
Microsoft Visual Studio Solution File, Format Version 11.00
# Visual Studio 2010
Project("{FAE04EC0-301F-11D3-BF4B-00C04F79EFBC}") = "MSTParserCSharp", "MSTParserCSharp\MSTParserCSharp.csproj", "{A517D498-EEB2-4321-AD3C-B5191CBE4EB6}"
EndProject
Project("{FAE04EC0-301F-11D3-BF4B-00C04F79EFBC}") = "MST Parser", "MST Parser\MST Parser.csproj", "{4031D8D2-67D3-4074-9071-BB6D777EC07C}"
EndProject
Global
	GlobalSection(SolutionConfigurationPlatforms) = preSolution
		Debug|Any CPU = Debug|Any CPU
		Debug|Mixed Platforms = Debug|Mixed Platforms
		Debug|x86 = Debug|x86
		Release|Any CPU = Release|Any CPU
		Release|Mixed Platforms = Release|Mixed Platforms
		Release|x86 = Release|x86
	EndGlobalSection
	GlobalSection(ProjectConfigurationPlatforms) = postSolution
		{A517D498-EEB2-4321-AD3C-B5191CBE4EB6}.Debug|Any CPU.ActiveCfg = Debug|x86
		{A517D498-EEB2-4321-AD3C-B5191CBE4EB6}.Debug|Mixed Platforms.ActiveCfg = Debug|x86
		{A517D498-EEB2-4321-AD3C-B5191CBE4EB6}.Debug|Mixed Platforms.Build.0 = Debug|x86
		{A517D498-EEB2-4321-AD3C-B5191CBE4EB6}.Debug|x86.ActiveCfg = Debug|x86
		{A517D498-EEB2-4321-AD3C-B5191CBE4EB6}.Debug|x86.Build.0 = Debug|x86
		{A517D498-EEB2-4321-AD3C-B5191CBE4EB6}.Release|Any CPU.ActiveCfg = Release|x86
		{A517D498-EEB2-4321-AD3C-B5191CBE4EB6}.Release|Mixed Platforms.ActiveCfg = Release|x86
		{A517D498-EEB2-4321-AD3C-B5191CBE4EB6}.Release|Mixed Platforms.Build.0 = Release|x86
		{A517D498-EEB2-4321-AD3C-B5191CBE4EB6}.Release|x86.ActiveCfg = Release|x86
		{A517D498-EEB2-4321-AD3C-B5191CBE4EB6}.Release|x86.Build.0 = Release|x86
		{4031D8D2-67D3-4074-9071-BB6D777EC07C}.Debug|Any CPU.ActiveCfg = Debug|Any CPU
		{4031D8D2-67D3-4074-9071-BB6D777EC07C}.Debug|Any CPU.Build.0 = Debug|Any CPU
		{4031D8D2-67D3-4074-9071-BB6D777EC07C}.Debug|Mixed Platforms.ActiveCfg = Debug|Any CPU
		{4031D8D2-67D3-4074-9071-BB6D777EC07C}.Debug|Mixed Platforms.Build.0 = Debug|Any CPU
		{4031D8D2-67D3-4074-9071-BB6D777EC07C}.Debug|x86.ActiveCfg = Debug|Any CPU
		{4031D8D2-67D3-4074-9071-BB6D777EC07C}.Release|Any CPU.ActiveCfg = Release|Any CPU
		{4031D8D2-67D3-4074-9071-BB6D777EC07C}.Release|Any CPU.Build.0 = Release|Any CPU
		{4031D8D2-67D3-4074-9071-BB6D777EC07C}.Release|Mixed Platforms.ActiveCfg = Release|Any CPU
		{4031D8D2-67D3-4074-9071-BB6D777EC07C}.Release|Mixed Platforms.Build.0 = Release|Any CPU
		{4031D8D2-67D3-4074-9071-BB6D777EC07C}.Release|x86.ActiveCfg = Release|Any CPU
	EndGlobalSection
	GlobalSection(SolutionProperties) = preSolution
		HideSolutionNode = FALSE
	EndGlobalSection
EndGlobal
